{
  "name": "login",
  "version": "1.0.0",
  "lockfileVersion": 1,
  "requires": true,
  "dependencies": {
    "core-util-is": {
      "version": "1.0.2",
      "resolved": "https://registry.npm.taobao.org/core-util-is/download/core-util-is-1.0.2.tgz",
      "integrity": "sha1-tf1UIgqivFq1eqtxQMlAdUUDwac="
    },
    "imap": {
      "version": "0.8.19",
      "resolved": "https://registry.npm.taobao.org/imap/download/imap-0.8.19.tgz",
      "integrity": "sha1-NniHOTSrCc6mukh0HyhNoq9Z2NU=",
      "requires": {
        "readable-stream": "1.1.x",
        "utf7": ">=1.0.2"
      }
    },
    "inherits": {
      "version": "2.0.4",
      "resolved": "https://registry.npm.taobao.org/inherits/download/inherits-2.0.4.tgz",
      "integrity": "sha1-D6LGT5MpF8NDOg3tVTY6rjdBa3w="
    },
    "isarray": {
      "version": "0.0.1",
      "resolved": "https://registry.npm.taobao.org/isarray/download/isarray-0.0.1.tgz",
      "integrity": "sha1-ihis/Kmo9Bd+Cav8YDiTmwXR7t8="
    },
    "node-mail-client": {
      "version": "1.2.4",
      "resolved": "https://registry.npm.taobao.org/node-mail-client/download/node-mail-client-1.2.4.tgz?cache=0&sync_timestamp=1590918425700&other_urls=https%3A%2F%2Fregistry.npm.taobao.org%2Fnode-mail-client%2Fdownload%2Fnode-mail-client-1.2.4.tgz",
      "integrity": "sha1-xGzV/rIHUMcGshqBex5RySLDTks=",
      "requires": {
        "imap": "^0.8.19",
        "nodemailer": "^6.4.6",
        "quoted-printable": "^1.0.1",
        "utf8": "^3.0.0"
      }
    },
    "nodemailer": {
      "version": "6.4.8",
      "resolved": "https://registry.npm.taobao.org/nodemailer/download/nodemailer-6.4.8.tgz",
      "integrity": "sha1-rKUohuTlb3H2uKZfXKa3Z8p1H8c="
    },
    "quoted-printable": {
      "version": "1.0.1",
      "resolved": "https://registry.npm.taobao.org/quoted-printable/download/quoted-printable-1.0.1.tgz",
      "integrity": "sha1-nuv16z0R7vAismT9LStrK7O4TMM=",
      "requires": {
        "utf8": "^2.1.0"
      },
      "dependencies": {
        "utf8": {
          "version": "2.1.2",
          "resolved": "https://registry.npm.taobao.org/utf8/download/utf8-2.1.2.tgz",
          "integrity": "sha1-H6DZJw6b6FDZsFAn9jUZv0ZFfZY="
        }
      }
    },
    "readable-stream": {
      "version": "1.1.14",
      "resolved": "https://registry.npm.taobao.org/readable-stream/download/readable-stream-1.1.14.tgz?cache=0&other_urls=https%3A%2F%2Fregistry.npm.taobao.org%2Freadable-stream%2Fdownload%2Freadable-stream-1.1.14.tgz",
      "integrity": "sha1-fPTFTvZI44EwhMY23SB54WbAgdk=",
      "requires": {
        "core-util-is": "~1.0.0",
        "inherits": "~2.0.1",
        "isarray": "0.0.1",
        "string_decoder": "~0.10.x"
      }
    },
    "semver": {
      "version": "5.3.0",
      "resolved": "https://registry.npm.taobao.org/semver/download/semver-5.3.0.tgz?cache=0&sync_timestamp=1586886255699&other_urls=https%3A%2F%2Fregistry.npm.taobao.org%2Fsemver%2Fdownload%2Fsemver-5.3.0.tgz",
      "integrity": "sha1-myzl094C0XxgEq0yaqa00M9U+U8="
    },
    "string_decoder": {
      "version": "0.10.31",
      "resolved": "https://registry.npm.taobao.org/string_decoder/download/string_decoder-0.10.31.tgz",
      "integrity": "sha1-YuIDvEF2bGwoyfyEMB2rHFMQ+pQ="
    },
    "utf7": {
      "version": "1.0.2",
      "resolved": "https://registry.npm.taobao.org/utf7/download/utf7-1.0.2.tgz",
      "integrity": "sha1-lV9JCq5lO6IguUVqCod2wZk2CZE=",
      "requires": {
        "semver": "~5.3.0"
      }
    },
    "utf8": {
      "version": "3.0.0",
      "resolved": "https://registry.npm.taobao.org/utf8/download/utf8-3.0.0.tgz",
      "integrity": "sha1-8FLu0TZNaW52nvBYsYPfiMh/adE="
    }
  }
}
